
Microsoft Visual Studio Solution File, Format Version 12.00
# Visual Studio Version 16
VisualStudioVersion = 25.0.1703.6
MinimumVisualStudioVersion = 10.0.40219.1
Project("{FAE04EC0-301F-11D3-BF4B-00C04F79EFBC}") = "lab_11", "lab_11\lab_11.csproj", "{9E547206-03A3-45A1-A3B6-57A552B6DF85}"
EndProject
Global
	GlobalSection(SolutionConfigurationPlatforms) = preSolution
		Debug|Any CPU = Debug|Any CPU
		Release|Any CPU = Release|Any CPU
	EndGlobalSection
	GlobalSection(ProjectConfigurationPlatforms) = postSolution
		{9E547206-03A3-45A1-A3B6-57A552B6DF85}.Debug|Any CPU.ActiveCfg = Debug|Any CPU
		{9E547206-03A3-45A1-A3B6-57A552B6DF85}.Debug|Any CPU.Build.0 = Debug|Any CPU
		{9E547206-03A3-45A1-A3B6-57A552B6DF85}.Release|Any CPU.ActiveCfg = Release|Any CPU
		{9E547206-03A3-45A1-A3B6-57A552B6DF85}.Release|Any CPU.Build.0 = Release|Any CPU
	EndGlobalSection
	GlobalSection(SolutionProperties) = preSolution
		HideSolutionNode = FALSE
	EndGlobalSection
	GlobalSection(ExtensibilityGlobals) = postSolution
		SolutionGuid = {BE3E40F9-E581-4372-B106-367AC690BDBC}
	EndGlobalSection
EndGlobal
