
Microsoft Visual Studio Solution File, Format Version 12.00
# Visual Studio Version 16
VisualStudioVersion = 25.0.1703.6
MinimumVisualStudioVersion = 10.0.40219.1
Project("{FAE04EC0-301F-11D3-BF4B-00C04F79EFBC}") = "lab_8", "lab_8\lab_8.csproj", "{BB408BA8-5E22-4866-A529-BEC76F17072E}"
EndProject
Global
	GlobalSection(SolutionConfigurationPlatforms) = preSolution
		Debug|Any CPU = Debug|Any CPU
		Release|Any CPU = Release|Any CPU
	EndGlobalSection
	GlobalSection(ProjectConfigurationPlatforms) = postSolution
		{BB408BA8-5E22-4866-A529-BEC76F17072E}.Debug|Any CPU.ActiveCfg = Debug|Any CPU
		{BB408BA8-5E22-4866-A529-BEC76F17072E}.Debug|Any CPU.Build.0 = Debug|Any CPU
		{BB408BA8-5E22-4866-A529-BEC76F17072E}.Release|Any CPU.ActiveCfg = Release|Any CPU
		{BB408BA8-5E22-4866-A529-BEC76F17072E}.Release|Any CPU.Build.0 = Release|Any CPU
	EndGlobalSection
	GlobalSection(SolutionProperties) = preSolution
		HideSolutionNode = FALSE
	EndGlobalSection
	GlobalSection(ExtensibilityGlobals) = postSolution
		SolutionGuid = {6FD36C0D-7BCB-47A1-925F-49E594F77B1E}
	EndGlobalSection
EndGlobal
