
Microsoft Visual Studio Solution File, Format Version 12.00
# Visual Studio Version 16
VisualStudioVersion = 25.0.1703.6
MinimumVisualStudioVersion = 10.0.40219.1
Project("{FAE04EC0-301F-11D3-BF4B-00C04F79EFBC}") = "lab_2", "lab_2\lab_2.csproj", "{FAC2A23E-8967-4199-A71A-D0800606E6F8}"
EndProject
Global
	GlobalSection(SolutionConfigurationPlatforms) = preSolution
		Debug|Any CPU = Debug|Any CPU
		Release|Any CPU = Release|Any CPU
	EndGlobalSection
	GlobalSection(ProjectConfigurationPlatforms) = postSolution
		{FAC2A23E-8967-4199-A71A-D0800606E6F8}.Debug|Any CPU.ActiveCfg = Debug|Any CPU
		{FAC2A23E-8967-4199-A71A-D0800606E6F8}.Debug|Any CPU.Build.0 = Debug|Any CPU
		{FAC2A23E-8967-4199-A71A-D0800606E6F8}.Release|Any CPU.ActiveCfg = Release|Any CPU
		{FAC2A23E-8967-4199-A71A-D0800606E6F8}.Release|Any CPU.Build.0 = Release|Any CPU
	EndGlobalSection
	GlobalSection(SolutionProperties) = preSolution
		HideSolutionNode = FALSE
	EndGlobalSection
	GlobalSection(ExtensibilityGlobals) = postSolution
		SolutionGuid = {332FA66B-83DE-470E-9209-3A49BE55D583}
	EndGlobalSection
EndGlobal
